{
  "name": "v.components.accordion",
  "version": "1.0.0",
  "lockfileVersion": 1,
  "requires": true,
  "dependencies": {
    "v.components.core": {
      "version": "github:hocopor/components.core#6d4dba365080d8174a7b257ab863a588d3dcdc2b",
      "from": "github:hocopor/components.core"
    }
  }
}
